// !$*UTF8*$!
{
	archiveVersion = 1;
	classes = {
	};
	objectVersion = 48;
	objects = {

/* Begin PBXBuildFile section */
		137231D3208D720A00DC9190 /* AppDelegate.swift in Sources */ = {isa = PBXBuildFile; fileRef = 137231D2208D720A00DC9190 /* AppDelegate.swift */; };
		137231D5208D720A00DC9190 /* ViewController.swift in Sources */ = {isa = PBXBuildFile; fileRef = 137231D4208D720A00DC9190 /* ViewController.swift */; };
		137231D8208D720A00DC9190 /* Main.storyboard in Resources */ = {isa = PBXBuildFile; fileRef = 137231D6208D720A00DC9190 /* Main.storyboard */; };
		137231DA208D720A00DC9190 /* Assets.xcassets in Resources */ = {isa = PBXBuildFile; fileRef = 137231D9208D720A00DC9190 /* Assets.xcassets */; };
		137231DD208D720A00DC9190 /* LaunchScreen.storyboard in Resources */ = {isa = PBXBuildFile; fileRef = 137231DB208D720A00DC9190 /* LaunchScreen.storyboard */; };
		137231E8208D720A00DC9190 /* swift_01Tests.swift in Sources */ = {isa = PBXBuildFile; fileRef = 137231E7208D720A00DC9190 /* swift_01Tests.swift */; };
		137231F3208D720A00DC9190 /* swift_01UITests.swift in Sources */ = {isa = PBXBuildFile; fileRef = 137231F2208D720A00DC9190 /* swift_01UITests.swift */; };
/* End PBXBuildFile section */

/* Begin PBXContainerItemProxy section */
		137231E4208D720A00DC9190 /* PBXContainerItemProxy */ = {
			isa = PBXContainerItemProxy;
			containerPortal = 137231C7208D720A00DC9190 /* Project object */;
			proxyType = 1;
			remoteGlobalIDString = 137231CE208D720A00DC9190;
			remoteInfo = swift_01;
		};
		137231EF208D720A00DC9190 /* PBXContainerItemProxy */ = {
			isa = PBXContainerItemProxy;
			containerPortal = 137231C7208D720A00DC9190 /* Project object */;
			proxyType = 1;
			remoteGlobalIDString = 137231CE208D720A00DC9190;
			remoteInfo = swift_01;
		};
/* End PBXContainerItemProxy section */

/* Begin PBXFileReference section */
		137231CF208D720A00DC9190 /* swift_01.app */ = {isa = PBXFileReference; explicitFileType = wrapper.application; includeInIndex = 0; path = swift_01.app; sourceTree = BUILT_PRODUCTS_DIR; };
		137231D2208D720A00DC9190 /* AppDelegate.swift */ = {isa = PBXFileReference; lastKnownFileType = sourcecode.swift; path = AppDelegate.swift; sourceTree = "<group>"; };
		137231D4208D720A00DC9190 /* ViewController.swift */ = {isa = PBXFileReference; lastKnownFileType = sourcecode.swift; path = ViewController.swift; sourceTree = "<group>"; };
		137231D7208D720A00DC9190 /* Base */ = {isa = PBXFileReference; lastKnownFileType = file.storyboard; name = Base; path = Base.lproj/Main.storyboard; sourceTree = "<group>"; };
		137231D9208D720A00DC9190 /* Assets.xcassets */ = {isa = PBXFileReference; lastKnownFileType = folder.assetcatalog; path = Assets.xcassets; sourceTree = "<group>"; };
		137231DC208D720A00DC9190 /* Base */ = {isa = PBXFileReference; lastKnownFileType = file.storyboard; name = Base; path = Base.lproj/LaunchScreen.storyboard; sourceTree = "<group>"; };
		137231DE208D720A00DC9190 /* Info.plist */ = {isa = PBXFileReference; lastKnownFileType = text.plist.xml; path = Info.plist; sourceTree = "<group>"; };
		137231E3208D720A00DC9190 /* swift_01Tests.xctest */ = {isa = PBXFileReference; explicitFileType = wrapper.cfbundle; includeInIndex = 0; path = swift_01Tests.xctest; sourceTree = BUILT_PRODUCTS_DIR; };
		137231E7208D720A00DC9190 /* swift_01Tests.swift */ = {isa = PBXFileReference; lastKnownFileType = sourcecode.swift; path = swift_01Tests.swift; sourceTree = "<group>"; };
		137231E9208D720A00DC9190 /* Info.plist */ = {isa = PBXFileReference; lastKnownFileType = text.plist.xml; path = Info.plist; sourceTree = "<group>"; };
		137231EE208D720A00DC9190 /* swift_01UITests.xctest */ = {isa = PBXFileReference; explicitFileType = wrapper.cfbundle; includeInIndex = 0; path = swift_01UITests.xctest; sourceTree = BUILT_PRODUCTS_DIR; };
		137231F2208D720A00DC9190 /* swift_01UITests.swift */ = {isa = PBXFileReference; lastKnownFileType = sourcecode.swift; path = swift_01UITests.swift; sourceTree = "<group>"; };
		137231F4208D720A00DC9190 /* Info.plist */ = {isa = PBXFileReference; lastKnownFileType = text.plist.xml; path = Info.plist; sourceTree = "<group>"; };
/* End PBXFileReference section */

/* Begin PBXFrameworksBuildPhase section */
		137231CC208D720A00DC9190 /* Frameworks */ = {
			isa = PBXFrameworksBuildPhase;
			buildActionMask = 2147483647;
			files = (
			);
			runOnlyForDeploymentPostprocessing = 0;
		};
		137231E0208D720A00DC9190 /* Frameworks */ = {
			isa = PBXFrameworksBuildPhase;
			buildActionMask = 2147483647;
			files = (
			);
			runOnlyForDeploymentPostprocessing = 0;
		};
		137231EB208D720A00DC9190 /* Frameworks */ = {
			isa = PBXFrameworksBuildPhase;
			buildActionMask = 2147483647;
			files = (
			);
			runOnlyForDeploymentPostprocessing = 0;
		};
/* End PBXFrameworksBuildPhase section */

/* Begin PBXGroup section */
		137231C6208D720A00DC9190 = {
			isa = PBXGroup;
			children = (
				137231D1208D720A00DC9190 /* swift_01 */,
				137231E6208D720A00DC9190 /* swift_01Tests */,
				137231F1208D720A00DC9190 /* swift_01UITests */,
				137231D0208D720A00DC9190 /* Products */,
			);
			sourceTree = "<group>";
		};
		137231D0208D720A00DC9190 /* Products */ = {
			isa = PBXGroup;
			children = (
				137231CF208D720A00DC9190 /* swift_01.app */,
				137231E3208D720A00DC9190 /* swift_01Tests.xctest */,
				137231EE208D720A00DC9190 /* swift_01UITests.xctest */,
			);
			name = Products;
			sourceTree = "<group>";
		};
		137231D1208D720A00DC9190 /* swift_01 */ = {
			isa = PBXGroup;
			children = (
				137231D2208D720A00DC9190 /* AppDelegate.swift */,
				137231D4208D720A00DC9190 /* ViewController.swift */,
				137231D6208D720A00DC9190 /* Main.storyboard */,
				137231D9208D720A00DC9190 /* Assets.xcassets */,
				137231DB208D720A00DC9190 /* LaunchScreen.storyboard */,
				137231DE208D720A00DC9190 /* Info.plist */,
			);
			path = swift_01;
			sourceTree = "<group>";
		};
		137231E6208D720A00DC9190 /* swift_01Tests */ = {
			isa = PBXGroup;
			children = (
				137231E7208D720A00DC9190 /* swift_01Tests.swift */,
				137231E9208D720A00DC9190 /* Info.plist */,
			);
			path = swift_01Tests;
			sourceTree = "<group>";
		};
		137231F1208D720A00DC9190 /* swift_01UITests */ = {
			isa = PBXGroup;
			children = (
				137231F2208D720A00DC9190 /* swift_01UITests.swift */,
				137231F4208D720A00DC9190 /* Info.plist */,
			);
			path = swift_01UITests;
			sourceTree = "<group>";
		};
/* End PBXGroup section */

/* Begin PBXNativeTarget section */
		137231CE208D720A00DC9190 /* swift_01 */ = {
			isa = PBXNativeTarget;
			buildConfigurationList = 137231F7208D720A00DC9190 /* Build configuration list for PBXNativeTarget "swift_01" */;
			buildPhases = (
				137231CB208D720A00DC9190 /* Sources */,
				137231CC208D720A00DC9190 /* Frameworks */,
				137231CD208D720A00DC9190 /* Resources */,
			);
			buildRules = (
			);
			dependencies = (
			);
			name = swift_01;
			productName = swift_01;
			productReference = 137231CF208D720A00DC9190 /* swift_01.app */;
			productType = "com.apple.product-type.application";
		};
		137231E2208D720A00DC9190 /* swift_01Tests */ = {
			isa = PBXNativeTarget;
			buildConfigurationList = 137231FA208D720A00DC9190 /* Build configuration list for PBXNativeTarget "swift_01Tests" */;
			buildPhases = (
				137231DF208D720A00DC9190 /* Sources */,
				137231E0208D720A00DC9190 /* Frameworks */,
				137231E1208D720A00DC9190 /* Resources */,
			);
			buildRules = (
			);
			dependencies = (
				137231E5208D720A00DC9190 /* PBXTargetDependency */,
			);
			name = swift_01Tests;
			productName = swift_01Tests;
			productReference = 137231E3208D720A00DC9190 /* swift_01Tests.xctest */;
			productType = "com.apple.product-type.bundle.unit-test";
		};
		137231ED208D720A00DC9190 /* swift_01UITests */ = {
			isa = PBXNativeTarget;
			buildConfigurationList = 137231FD208D720A00DC9190 /* Build configuration list for PBXNativeTarget "swift_01UITests" */;
			buildPhases = (
				137231EA208D720A00DC9190 /* Sources */,
				137231EB208D720A00DC9190 /* Frameworks */,
				137231EC208D720A00DC9190 /* Resources */,
			);
			buildRules = (
			);
			dependencies = (
				137231F0208D720A00DC9190 /* PBXTargetDependency */,
			);
			name = swift_01UITests;
			productName = swift_01UITests;
			productReference = 137231EE208D720A00DC9190 /* swift_01UITests.xctest */;
			productType = "com.apple.product-type.bundle.ui-testing";
		};
/* End PBXNativeTarget section */

/* Begin PBXProject section */
		137231C7208D720A00DC9190 /* Project object */ = {
			isa = PBXProject;
			attributes = {
				LastSwiftUpdateCheck = 0920;
				LastUpgradeCheck = 0920;
				ORGANIZATIONNAME = DJX;
				TargetAttributes = {
					137231CE208D720A00DC9190 = {
						CreatedOnToolsVersion = 9.2;
						ProvisioningStyle = Manual;
					};
					137231E2208D720A00DC9190 = {
						CreatedOnToolsVersion = 9.2;
						ProvisioningStyle = Automatic;
						TestTargetID = 137231CE208D720A00DC9190;
					};
					137231ED208D720A00DC9190 = {
						CreatedOnToolsVersion = 9.2;
						ProvisioningStyle = Automatic;
						TestTargetID = 137231CE208D720A00DC9190;
					};
				};
			};
			buildConfigurationList = 137231CA208D720A00DC9190 /* Build configuration list for PBXProject "swift_01" */;
			compatibilityVersion = "Xcode 8.0";
			developmentRegion = en;
			hasScannedForEncodings = 0;
			knownRegions = (
				en,
				Base,
			);
			mainGroup = 137231C6208D720A00DC9190;
			productRefGroup = 137231D0208D720A00DC9190 /* Products */;
			projectDirPath = "";
			projectRoot = "";
			targets = (
				137231CE208D720A00DC9190 /* swift_01 */,
				137231E2208D720A00DC9190 /* swift_01Tests */,
				137231ED208D720A00DC9190 /* swift_01UITests */,
			);
		};
/* End PBXProject section */

/* Begin PBXResourcesBuildPhase section */
		137231CD208D720A00DC9190 /* Resources */ = {
			isa = PBXResourcesBuildPhase;
			buildActionMask = 2147483647;
			files = (
				137231DD208D720A00DC9190 /* LaunchScreen.storyboard in Resources */,
				137231DA208D720A00DC9190 /* Assets.xcassets in Resources */,
				137231D8208D720A00DC9190 /* Main.storyboard in Resources */,
			);
			runOnlyForDeploymentPostprocessing = 0;
		};
		137231E1208D720A00DC9190 /* Resources */ = {
			isa = PBXResourcesBuildPhase;
			buildActionMask = 2147483647;
			files = (
			);
			runOnlyForDeploymentPostprocessing = 0;
		};
		137231EC208D720A00DC9190 /* Resources */ = {
			isa = PBXResourcesBuildPhase;
			buildActionMask = 2147483647;
			files = (
			);
			runOnlyForDeploymentPostprocessing = 0;
		};
/* End PBXResourcesBuildPhase section */

/* Begin PBXSourcesBuildPhase section */
		137231CB208D720A00DC9190 /* Sources */ = {
			isa = PBXSourcesBuildPhase;
			buildActionMask = 2147483647;
			files = (
				137231D5208D720A00DC9190 /* ViewController.swift in Sources */,
				137231D3208D720A00DC9190 /* AppDelegate.swift in Sources */,
			);
			runOnlyForDeploymentPostprocessing = 0;
		};
		137231DF208D720A00DC9190 /* Sources */ = {
			isa = PBXSourcesBuildPhase;
			buildActionMask = 2147483647;
			files = (
				137231E8208D720A00DC9190 /* swift_01Tests.swift in Sources */,
			);
			runOnlyForDeploymentPostprocessing = 0;
		};
		137231EA208D720A00DC9190 /* Sources */ = {
			isa = PBXSourcesBuildPhase;
			buildActionMask = 2147483647;
			files = (
				137231F3208D720A00DC9190 /* swift_01UITests.swift in Sources */,
			);
			runOnlyForDeploymentPostprocessing = 0;
		};
/* End PBXSourcesBuildPhase section */

/* Begin PBXTargetDependency section */
		137231E5208D720A00DC9190 /* PBXTargetDependency */ = {
			isa = PBXTargetDependency;
			target = 137231CE208D720A00DC9190 /* swift_01 */;
			targetProxy = 137231E4208D720A00DC9190 /* PBXContainerItemProxy */;
		};
		137231F0208D720A00DC9190 /* PBXTargetDependency */ = {
			isa = PBXTargetDependency;
			target = 137231CE208D720A00DC9190 /* swift_01 */;
			targetProxy = 137231EF208D720A00DC9190 /* PBXContainerItemProxy */;
		};
/* End PBXTargetDependency section */

/* Begin PBXVariantGroup section */
		137231D6208D720A00DC9190 /* Main.storyboard */ = {
			isa = PBXVariantGroup;
			children = (
				137231D7208D720A00DC9190 /* Base */,
			);
			name = Main.storyboard;
			sourceTree = "<group>";
		};
		137231DB208D720A00DC9190 /* LaunchScreen.storyboard */ = {
			isa = PBXVariantGroup;
			children = (
				137231DC208D720A00DC9190 /* Base */,
			);
			name = LaunchScreen.storyboard;
			sourceTree = "<group>";
		};
/* End PBXVariantGroup section */

/* Begin XCBuildConfiguration section */
		137231F5208D720A00DC9190 /* Debug */ = {
			isa = XCBuildConfiguration;
			buildSettings = {
				ALWAYS_SEARCH_USER_PATHS = NO;
				CLANG_ANALYZER_NONNULL = YES;
				CLANG_ANALYZER_NUMBER_OBJECT_CONVERSION = YES_AGGRESSIVE;
				CLANG_CXX_LANGUAGE_STANDARD = "gnu++14";
				CLANG_CXX_LIBRARY = "libc++";
				CLANG_ENABLE_MODULES = YES;
				CLANG_ENABLE_OBJC_ARC = YES;
				CLANG_WARN_BLOCK_CAPTURE_AUTORELEASING = YES;
				CLANG_WARN_BOOL_CONVERSION = YES;
				CLANG_WARN_COMMA = YES;
				CLANG_WARN_CONSTANT_CONVERSION = YES;
				CLANG_WARN_DIRECT_OBJC_ISA_USAGE = YES_ERROR;
				CLANG_WARN_DOCUMENTATION_COMMENTS = YES;
				CLANG_WARN_EMPTY_BODY = YES;
				CLANG_WARN_ENUM_CONVERSION = YES;
				CLANG_WARN_INFINITE_RECURSION = YES;
				CLANG_WARN_INT_CONVERSION = YES;
				CLANG_WARN_NON_LITERAL_NULL_CONVERSION = YES;
				CLANG_WARN_OBJC_LITERAL_CONVERSION = YES;
				CLANG_WARN_OBJC_ROOT_CLASS = YES_ERROR;
				CLANG_WARN_RANGE_LOOP_ANALYSIS = YES;
				CLANG_WARN_STRICT_PROTOTYPES = YES;
				CLANG_WARN_SUSPICIOUS_MOVE = YES;
				CLANG_WARN_UNGUARDED_AVAILABILITY = YES_AGGRESSIVE;
				CLANG_WARN_UNREACHABLE_CODE = YES;
				CLANG_WARN__DUPLICATE_METHOD_MATCH = YES;
				CODE_SIGN_IDENTITY = "iPhone Developer";
				COPY_PHASE_STRIP = NO;
				DEBUG_INFORMATION_FORMAT = dwarf;
				ENABLE_STRICT_OBJC_MSGSEND = YES;
				ENABLE_TESTABILITY = YES;
				GCC_C_LANGUAGE_STANDARD = gnu11;
				GCC_DYNAMIC_NO_PIC = NO;
				GCC_NO_COMMON_BLOCKS = YES;
				GCC_OPTIMIZATION_LEVEL = 0;
				GCC_PREPROCESSOR_DEFINITIONS = (
					"DEBUG=1",
					"$(inherited)",
				);
				GCC_WARN_64_TO_32_BIT_CONVERSION = YES;
				GCC_WARN_ABOUT_RETURN_TYPE = YES_ERROR;
				GCC_WARN_UNDECLARED_SELECTOR = YES;
				GCC_WARN_UNINITIALIZED_AUTOS = YES_AGGRESSIVE;
				GCC_WARN_UNUSED_FUNCTION = YES;
				GCC_WARN_UNUSED_VARIABLE = YES;
				IPHONEOS_DEPLOYMENT_TARGET = 11.2;
				MTL_ENABLE_DEBUG_INFO = YES;
				ONLY_ACTIVE_ARCH = YES;
				SDKROOT = iphoneos;
				SWIFT_ACTIVE_COMPILATION_CONDITIONS = DEBUG;
				SWIFT_OPTIMIZATION_LEVEL = "-Onone";
			};
			name = Debug;
		};
		137231F6208D720A00DC9190 /* Release */ = {
			isa = XCBuildConfiguration;
			buildSettings = {
				ALWAYS_SEARCH_USER_PATHS = NO;
				CLANG_ANALYZER_NONNULL = YES;
				CLANG_ANALYZER_NUMBER_OBJECT_CONVERSION = YES_AGGRESSIVE;
				CLANG_CXX_LANGUAGE_STANDARD = "gnu++14";
				CLANG_CXX_LIBRARY = "libc++";
				CLANG_ENABLE_MODULES = YES;
				CLANG_ENABLE_OBJC_ARC = YES;
				CLANG_WARN_BLOCK_CAPTURE_AUTORELEASING = YES;
				CLANG_WARN_BOOL_CONVERSION = YES;
				CLANG_WARN_COMMA = YES;
				CLANG_WARN_CONSTANT_CONVERSION = YES;
				CLANG_WARN_DIRECT_OBJC_ISA_USAGE = YES_ERROR;
				CLANG_WARN_DOCUMENTATION_COMMENTS = YES;
				CLANG_WARN_EMPTY_BODY = YES;
				CLANG_WARN_ENUM_CONVERSION = YES;
				CLANG_WARN_INFINITE_RECURSION = YES;
				CLANG_WARN_INT_CONVERSION = YES;
				CLANG_WARN_NON_LITERAL_NULL_CONVERSION = YES;
				CLANG_WARN_OBJC_LITERAL_CONVERSION = YES;
				CLANG_WARN_OBJC_ROOT_CLASS = YES_ERROR;
				CLANG_WARN_RANGE_LOOP_ANALYSIS = YES;
				CLANG_WARN_STRICT_PROTOTYPES = YES;
				CLANG_WARN_SUSPICIOUS_MOVE = YES;
				CLANG_WARN_UNGUARDED_AVAILABILITY = YES_AGGRESSIVE;
				CLANG_WARN_UNREACHABLE_CODE = YES;
				CLANG_WARN__DUPLICATE_METHOD_MATCH = YES;
				CODE_SIGN_IDENTITY = "iPhone Developer";
				COPY_PHASE_STRIP = NO;
				DEBUG_INFORMATION_FORMAT = "dwarf-with-dsym";
				ENABLE_NS_ASSERTIONS = NO;
				ENABLE_STRICT_OBJC_MSGSEND = YES;
				GCC_C_LANGUAGE_STANDARD = gnu11;
				GCC_NO_COMMON_BLOCKS = YES;
				GCC_WARN_64_TO_32_BIT_CONVERSION = YES;
				GCC_WARN_ABOUT_RETURN_TYPE = YES_ERROR;
				GCC_WARN_UNDECLARED_SELECTOR = YES;
				GCC_WARN_UNINITIALIZED_AUTOS = YES_AGGRESSIVE;
				GCC_WARN_UNUSED_FUNCTION = YES;
				GCC_WARN_UNUSED_VARIABLE = YES;
				IPHONEOS_DEPLOYMENT_TARGET = 11.2;
				MTL_ENABLE_DEBUG_INFO = NO;
				SDKROOT = iphoneos;
				SWIFT_OPTIMIZATION_LEVEL = "-Owholemodule";
				VALIDATE_PRODUCT = YES;
			};
			name = Release;
		};
		137231F8208D720A00DC9190 /* Debug */ = {
			isa = XCBuildConfiguration;
			buildSettings = {
				ASSETCATALOG_COMPILER_APPICON_NAME = AppIcon;
				CODE_SIGN_STYLE = Manual;
				DEVELOPMENT_TEAM = "";
				INFOPLIST_FILE = swift_01/Info.plist;
				LD_RUNPATH_SEARCH_PATHS = "$(inherited) @executable_path/Frameworks";
				PRODUCT_BUNDLE_IDENTIFIER = "www.DJXStudyDemo.swift-01";
				PRODUCT_NAME = "$(TARGET_NAME)";
				PROVISIONING_PROFILE_SPECIFIER = "";
				SWIFT_VERSION = 4.0;
				TARGETED_DEVICE_FAMILY = "1,2";
			};
			name = Debug;
		};
		137231F9208D720A00DC9190 /* Release */ = {
			isa = XCBuildConfiguration;
			buildSettings = {
				ASSETCATALOG_COMPILER_APPICON_NAME = AppIcon;
				CODE_SIGN_STYLE = Manual;
				DEVELOPMENT_TEAM = "";
				INFOPLIST_FILE = swift_01/Info.plist;
				LD_RUNPATH_SEARCH_PATHS = "$(inherited) @executable_path/Frameworks";
				PRODUCT_BUNDLE_IDENTIFIER = "www.DJXStudyDemo.swift-01";
				PRODUCT_NAME = "$(TARGET_NAME)";
				PROVISIONING_PROFILE_SPECIFIER = "";
				SWIFT_VERSION = 4.0;
				TARGETED_DEVICE_FAMILY = "1,2";
			};
			name = Release;
		};
		137231FB208D720A00DC9190 /* Debug */ = {
			isa = XCBuildConfiguration;
			buildSettings = {
				ALWAYS_EMBED_SWIFT_STANDARD_LIBRARIES = YES;
				BUNDLE_LOADER = "$(TEST_HOST)";
				CODE_SIGN_STYLE = Automatic;
				DEVELOPMENT_TEAM = EX464M26XB;
				INFOPLIST_FILE = swift_01Tests/Info.plist;
				LD_RUNPATH_SEARCH_PATHS = "$(inherited) @executable_path/Frameworks @loader_path/Frameworks";
				PRODUCT_BUNDLE_IDENTIFIER = "www.DJXStudyDemo.swift-01Tests";
				PRODUCT_NAME = "$(TARGET_NAME)";
				SWIFT_VERSION = 4.0;
				TARGETED_DEVICE_FAMILY = "1,2";
				TEST_HOST = "$(BUILT_PRODUCTS_DIR)/swift_01.app/swift_01";
			};
			name = Debug;
		};
		137231FC208D720A00DC9190 /* Release */ = {
			isa = XCBuildConfiguration;
			buildSettings = {
				ALWAYS_EMBED_SWIFT_STANDARD_LIBRARIES = YES;
				BUNDLE_LOADER = "$(TEST_HOST)";
				CODE_SIGN_STYLE = Automatic;
				DEVELOPMENT_TEAM = EX464M26XB;
				INFOPLIST_FILE = swift_01Tests/Info.plist;
				LD_RUNPATH_SEARCH_PATHS = "$(inherited) @executable_path/Frameworks @loader_path/Frameworks";
				PRODUCT_BUNDLE_IDENTIFIER = "www.DJXStudyDemo.swift-01Tests";
				PRODUCT_NAME = "$(TARGET_NAME)";
				SWIFT_VERSION = 4.0;
				TARGETED_DEVICE_FAMILY = "1,2";
				TEST_HOST = "$(BUILT_PRODUCTS_DIR)/swift_01.app/swift_01";
			};
			name = Release;
		};
		137231FE208D720A00DC9190 /* Debug */ = {
			isa = XCBuildConfiguration;
			buildSettings = {
				ALWAYS_EMBED_SWIFT_STANDARD_LIBRARIES = YES;
				CODE_SIGN_STYLE = Automatic;
				DEVELOPMENT_TEAM = EX464M26XB;
				INFOPLIST_FILE = swift_01UITests/Info.plist;
				LD_RUNPATH_SEARCH_PATHS = "$(inherited) @executable_path/Frameworks @loader_path/Frameworks";
				PRODUCT_BUNDLE_IDENTIFIER = "www.DJXStudyDemo.swift-01UITests";
				PRODUCT_NAME = "$(TARGET_NAME)";
				SWIFT_VERSION = 4.0;
				TARGETED_DEVICE_FAMILY = "1,2";
				TEST_TARGET_NAME = swift_01;
			};
			name = Debug;
		};
		137231FF208D720A00DC9190 /* Release */ = {
			isa = XCBuildConfiguration;
			buildSettings = {
				ALWAYS_EMBED_SWIFT_STANDARD_LIBRARIES = YES;
				CODE_SIGN_STYLE = Automatic;
				DEVELOPMENT_TEAM = EX464M26XB;
				INFOPLIST_FILE = swift_01UITests/Info.plist;
				LD_RUNPATH_SEARCH_PATHS = "$(inherited) @executable_path/Frameworks @loader_path/Frameworks";
				PRODUCT_BUNDLE_IDENTIFIER = "www.DJXStudyDemo.swift-01UITests";
				PRODUCT_NAME = "$(TARGET_NAME)";
				SWIFT_VERSION = 4.0;
				TARGETED_DEVICE_FAMILY = "1,2";
				TEST_TARGET_NAME = swift_01;
			};
			name = Release;
		};
/* End XCBuildConfiguration section */

/* Begin XCConfigurationList section */
		137231CA208D720A00DC9190 /* Build configuration list for PBXProject "swift_01" */ = {
			isa = XCConfigurationList;
			buildConfigurations = (
				137231F5208D720A00DC9190 /* Debug */,
				137231F6208D720A00DC9190 /* Release */,
			);
			defaultConfigurationIsVisible = 0;
			defaultConfigurationName = Release;
		};
		137231F7208D720A00DC9190 /* Build configuration list for PBXNativeTarget "swift_01" */ = {
			isa = XCConfigurationList;
			buildConfigurations = (
				137231F8208D720A00DC9190 /* Debug */,
				137231F9208D720A00DC9190 /* Release */,
			);
			defaultConfigurationIsVisible = 0;
			defaultConfigurationName = Release;
		};
		137231FA208D720A00DC9190 /* Build configuration list for PBXNativeTarget "swift_01Tests" */ = {
			isa = XCConfigurationList;
			buildConfigurations = (
				137231FB208D720A00DC9190 /* Debug */,
				137231FC208D720A00DC9190 /* Release */,
			);
			defaultConfigurationIsVisible = 0;
			defaultConfigurationName = Release;
		};
		137231FD208D720A00DC9190 /* Build configuration list for PBXNativeTarget "swift_01UITests" */ = {
			isa = XCConfigurationList;
			buildConfigurations = (
				137231FE208D720A00DC9190 /* Debug */,
				137231FF208D720A00DC9190 /* Release */,
			);
			defaultConfigurationIsVisible = 0;
			defaultConfigurationName = Release;
		};
/* End XCConfigurationList section */
	};
	rootObject = 137231C7208D720A00DC9190 /* Project object */;
}
