// !$*UTF8*$!
{
	archiveVersion = 1;
	classes = {
	};
	objectVersion = 50;
	objects = {

/* Begin PBXBuildFile section */
		B302C9A020CE69A5005829C8 /* AppDelegate.swift in Sources */ = {isa = PBXBuildFile; fileRef = B302C99F20CE69A5005829C8 /* AppDelegate.swift */; };
		B302C9A220CE69A5005829C8 /* ViewController.swift in Sources */ = {isa = PBXBuildFile; fileRef = B302C9A120CE69A5005829C8 /* ViewController.swift */; };
		B302C9A720CE69A6005829C8 /* Assets.xcassets in Resources */ = {isa = PBXBuildFile; fileRef = B302C9A620CE69A6005829C8 /* Assets.xcassets */; };
		B302C9AA20CE69A6005829C8 /* LaunchScreen.storyboard in Resources */ = {isa = PBXBuildFile; fileRef = B302C9A820CE69A6005829C8 /* LaunchScreen.storyboard */; };
		B302C9B520CE69A6005829C8 /* Swift_UI_01Tests.swift in Sources */ = {isa = PBXBuildFile; fileRef = B302C9B420CE69A6005829C8 /* Swift_UI_01Tests.swift */; };
		B302C9C020CE69A6005829C8 /* Swift_UI_01UITests.swift in Sources */ = {isa = PBXBuildFile; fileRef = B302C9BF20CE69A6005829C8 /* Swift_UI_01UITests.swift */; };
		B302C9CE20CE69D1005829C8 /* ViewController.xib in Resources */ = {isa = PBXBuildFile; fileRef = B302C9CD20CE69D1005829C8 /* ViewController.xib */; };
		B302C9D120CE714A005829C8 /* MainTableViewCell.swift in Sources */ = {isa = PBXBuildFile; fileRef = B302C9CF20CE714A005829C8 /* MainTableViewCell.swift */; };
		B302C9D220CE714A005829C8 /* MainTableViewCell.xib in Resources */ = {isa = PBXBuildFile; fileRef = B302C9D020CE714A005829C8 /* MainTableViewCell.xib */; };
/* End PBXBuildFile section */

/* Begin PBXContainerItemProxy section */
		B302C9B120CE69A6005829C8 /* PBXContainerItemProxy */ = {
			isa = PBXContainerItemProxy;
			containerPortal = B302C99420CE69A4005829C8 /* Project object */;
			proxyType = 1;
			remoteGlobalIDString = B302C99B20CE69A5005829C8;
			remoteInfo = Swift_UI_01;
		};
		B302C9BC20CE69A6005829C8 /* PBXContainerItemProxy */ = {
			isa = PBXContainerItemProxy;
			containerPortal = B302C99420CE69A4005829C8 /* Project object */;
			proxyType = 1;
			remoteGlobalIDString = B302C99B20CE69A5005829C8;
			remoteInfo = Swift_UI_01;
		};
/* End PBXContainerItemProxy section */

/* Begin PBXFileReference section */
		B302C99C20CE69A5005829C8 /* Swift_UI_01.app */ = {isa = PBXFileReference; explicitFileType = wrapper.application; includeInIndex = 0; path = Swift_UI_01.app; sourceTree = BUILT_PRODUCTS_DIR; };
		B302C99F20CE69A5005829C8 /* AppDelegate.swift */ = {isa = PBXFileReference; lastKnownFileType = sourcecode.swift; path = AppDelegate.swift; sourceTree = "<group>"; };
		B302C9A120CE69A5005829C8 /* ViewController.swift */ = {isa = PBXFileReference; lastKnownFileType = sourcecode.swift; path = ViewController.swift; sourceTree = "<group>"; };
		B302C9A620CE69A6005829C8 /* Assets.xcassets */ = {isa = PBXFileReference; lastKnownFileType = folder.assetcatalog; path = Assets.xcassets; sourceTree = "<group>"; };
		B302C9A920CE69A6005829C8 /* Base */ = {isa = PBXFileReference; lastKnownFileType = file.storyboard; name = Base; path = Base.lproj/LaunchScreen.storyboard; sourceTree = "<group>"; };
		B302C9AB20CE69A6005829C8 /* Info.plist */ = {isa = PBXFileReference; lastKnownFileType = text.plist.xml; path = Info.plist; sourceTree = "<group>"; };
		B302C9B020CE69A6005829C8 /* Swift_UI_01Tests.xctest */ = {isa = PBXFileReference; explicitFileType = wrapper.cfbundle; includeInIndex = 0; path = Swift_UI_01Tests.xctest; sourceTree = BUILT_PRODUCTS_DIR; };
		B302C9B420CE69A6005829C8 /* Swift_UI_01Tests.swift */ = {isa = PBXFileReference; lastKnownFileType = sourcecode.swift; path = Swift_UI_01Tests.swift; sourceTree = "<group>"; };
		B302C9B620CE69A6005829C8 /* Info.plist */ = {isa = PBXFileReference; lastKnownFileType = text.plist.xml; path = Info.plist; sourceTree = "<group>"; };
		B302C9BB20CE69A6005829C8 /* Swift_UI_01UITests.xctest */ = {isa = PBXFileReference; explicitFileType = wrapper.cfbundle; includeInIndex = 0; path = Swift_UI_01UITests.xctest; sourceTree = BUILT_PRODUCTS_DIR; };
		B302C9BF20CE69A6005829C8 /* Swift_UI_01UITests.swift */ = {isa = PBXFileReference; lastKnownFileType = sourcecode.swift; path = Swift_UI_01UITests.swift; sourceTree = "<group>"; };
		B302C9C120CE69A6005829C8 /* Info.plist */ = {isa = PBXFileReference; lastKnownFileType = text.plist.xml; path = Info.plist; sourceTree = "<group>"; };
		B302C9CD20CE69D1005829C8 /* ViewController.xib */ = {isa = PBXFileReference; lastKnownFileType = file.xib; path = ViewController.xib; sourceTree = "<group>"; };
		B302C9CF20CE714A005829C8 /* MainTableViewCell.swift */ = {isa = PBXFileReference; lastKnownFileType = sourcecode.swift; path = MainTableViewCell.swift; sourceTree = "<group>"; };
		B302C9D020CE714A005829C8 /* MainTableViewCell.xib */ = {isa = PBXFileReference; lastKnownFileType = file.xib; path = MainTableViewCell.xib; sourceTree = "<group>"; };
/* End PBXFileReference section */

/* Begin PBXFrameworksBuildPhase section */
		B302C99920CE69A5005829C8 /* Frameworks */ = {
			isa = PBXFrameworksBuildPhase;
			buildActionMask = 2147483647;
			files = (
			);
			runOnlyForDeploymentPostprocessing = 0;
		};
		B302C9AD20CE69A6005829C8 /* Frameworks */ = {
			isa = PBXFrameworksBuildPhase;
			buildActionMask = 2147483647;
			files = (
			);
			runOnlyForDeploymentPostprocessing = 0;
		};
		B302C9B820CE69A6005829C8 /* Frameworks */ = {
			isa = PBXFrameworksBuildPhase;
			buildActionMask = 2147483647;
			files = (
			);
			runOnlyForDeploymentPostprocessing = 0;
		};
/* End PBXFrameworksBuildPhase section */

/* Begin PBXGroup section */
		B302C99320CE69A4005829C8 = {
			isa = PBXGroup;
			children = (
				B302C99E20CE69A5005829C8 /* Swift_UI_01 */,
				B302C9B320CE69A6005829C8 /* Swift_UI_01Tests */,
				B302C9BE20CE69A6005829C8 /* Swift_UI_01UITests */,
				B302C99D20CE69A5005829C8 /* Products */,
			);
			sourceTree = "<group>";
		};
		B302C99D20CE69A5005829C8 /* Products */ = {
			isa = PBXGroup;
			children = (
				B302C99C20CE69A5005829C8 /* Swift_UI_01.app */,
				B302C9B020CE69A6005829C8 /* Swift_UI_01Tests.xctest */,
				B302C9BB20CE69A6005829C8 /* Swift_UI_01UITests.xctest */,
			);
			name = Products;
			sourceTree = "<group>";
		};
		B302C99E20CE69A5005829C8 /* Swift_UI_01 */ = {
			isa = PBXGroup;
			children = (
				B302C99F20CE69A5005829C8 /* AppDelegate.swift */,
				B302C9A120CE69A5005829C8 /* ViewController.swift */,
				B302C9CD20CE69D1005829C8 /* ViewController.xib */,
				B302C9A620CE69A6005829C8 /* Assets.xcassets */,
				B302C9A820CE69A6005829C8 /* LaunchScreen.storyboard */,
				B302C9AB20CE69A6005829C8 /* Info.plist */,
				B302C9CF20CE714A005829C8 /* MainTableViewCell.swift */,
				B302C9D020CE714A005829C8 /* MainTableViewCell.xib */,
			);
			path = Swift_UI_01;
			sourceTree = "<group>";
		};
		B302C9B320CE69A6005829C8 /* Swift_UI_01Tests */ = {
			isa = PBXGroup;
			children = (
				B302C9B420CE69A6005829C8 /* Swift_UI_01Tests.swift */,
				B302C9B620CE69A6005829C8 /* Info.plist */,
			);
			path = Swift_UI_01Tests;
			sourceTree = "<group>";
		};
		B302C9BE20CE69A6005829C8 /* Swift_UI_01UITests */ = {
			isa = PBXGroup;
			children = (
				B302C9BF20CE69A6005829C8 /* Swift_UI_01UITests.swift */,
				B302C9C120CE69A6005829C8 /* Info.plist */,
			);
			path = Swift_UI_01UITests;
			sourceTree = "<group>";
		};
/* End PBXGroup section */

/* Begin PBXNativeTarget section */
		B302C99B20CE69A5005829C8 /* Swift_UI_01 */ = {
			isa = PBXNativeTarget;
			buildConfigurationList = B302C9C420CE69A6005829C8 /* Build configuration list for PBXNativeTarget "Swift_UI_01" */;
			buildPhases = (
				B302C99820CE69A5005829C8 /* Sources */,
				B302C99920CE69A5005829C8 /* Frameworks */,
				B302C99A20CE69A5005829C8 /* Resources */,
			);
			buildRules = (
			);
			dependencies = (
			);
			name = Swift_UI_01;
			productName = Swift_UI_01;
			productReference = B302C99C20CE69A5005829C8 /* Swift_UI_01.app */;
			productType = "com.apple.product-type.application";
		};
		B302C9AF20CE69A6005829C8 /* Swift_UI_01Tests */ = {
			isa = PBXNativeTarget;
			buildConfigurationList = B302C9C720CE69A6005829C8 /* Build configuration list for PBXNativeTarget "Swift_UI_01Tests" */;
			buildPhases = (
				B302C9AC20CE69A6005829C8 /* Sources */,
				B302C9AD20CE69A6005829C8 /* Frameworks */,
				B302C9AE20CE69A6005829C8 /* Resources */,
			);
			buildRules = (
			);
			dependencies = (
				B302C9B220CE69A6005829C8 /* PBXTargetDependency */,
			);
			name = Swift_UI_01Tests;
			productName = Swift_UI_01Tests;
			productReference = B302C9B020CE69A6005829C8 /* Swift_UI_01Tests.xctest */;
			productType = "com.apple.product-type.bundle.unit-test";
		};
		B302C9BA20CE69A6005829C8 /* Swift_UI_01UITests */ = {
			isa = PBXNativeTarget;
			buildConfigurationList = B302C9CA20CE69A6005829C8 /* Build configuration list for PBXNativeTarget "Swift_UI_01UITests" */;
			buildPhases = (
				B302C9B720CE69A6005829C8 /* Sources */,
				B302C9B820CE69A6005829C8 /* Frameworks */,
				B302C9B920CE69A6005829C8 /* Resources */,
			);
			buildRules = (
			);
			dependencies = (
				B302C9BD20CE69A6005829C8 /* PBXTargetDependency */,
			);
			name = Swift_UI_01UITests;
			productName = Swift_UI_01UITests;
			productReference = B302C9BB20CE69A6005829C8 /* Swift_UI_01UITests.xctest */;
			productType = "com.apple.product-type.bundle.ui-testing";
		};
/* End PBXNativeTarget section */

/* Begin PBXProject section */
		B302C99420CE69A4005829C8 /* Project object */ = {
			isa = PBXProject;
			attributes = {
				LastSwiftUpdateCheck = 0930;
				LastUpgradeCheck = 0930;
				ORGANIZATIONNAME = "邓家祥";
				TargetAttributes = {
					B302C99B20CE69A5005829C8 = {
						CreatedOnToolsVersion = 9.3.1;
					};
					B302C9AF20CE69A6005829C8 = {
						CreatedOnToolsVersion = 9.3.1;
						TestTargetID = B302C99B20CE69A5005829C8;
					};
					B302C9BA20CE69A6005829C8 = {
						CreatedOnToolsVersion = 9.3.1;
						TestTargetID = B302C99B20CE69A5005829C8;
					};
				};
			};
			buildConfigurationList = B302C99720CE69A4005829C8 /* Build configuration list for PBXProject "Swift_UI_01" */;
			compatibilityVersion = "Xcode 9.3";
			developmentRegion = en;
			hasScannedForEncodings = 0;
			knownRegions = (
				en,
				Base,
			);
			mainGroup = B302C99320CE69A4005829C8;
			productRefGroup = B302C99D20CE69A5005829C8 /* Products */;
			projectDirPath = "";
			projectRoot = "";
			targets = (
				B302C99B20CE69A5005829C8 /* Swift_UI_01 */,
				B302C9AF20CE69A6005829C8 /* Swift_UI_01Tests */,
				B302C9BA20CE69A6005829C8 /* Swift_UI_01UITests */,
			);
		};
/* End PBXProject section */

/* Begin PBXResourcesBuildPhase section */
		B302C99A20CE69A5005829C8 /* Resources */ = {
			isa = PBXResourcesBuildPhase;
			buildActionMask = 2147483647;
			files = (
				B302C9AA20CE69A6005829C8 /* LaunchScreen.storyboard in Resources */,
				B302C9CE20CE69D1005829C8 /* ViewController.xib in Resources */,
				B302C9D220CE714A005829C8 /* MainTableViewCell.xib in Resources */,
				B302C9A720CE69A6005829C8 /* Assets.xcassets in Resources */,
			);
			runOnlyForDeploymentPostprocessing = 0;
		};
		B302C9AE20CE69A6005829C8 /* Resources */ = {
			isa = PBXResourcesBuildPhase;
			buildActionMask = 2147483647;
			files = (
			);
			runOnlyForDeploymentPostprocessing = 0;
		};
		B302C9B920CE69A6005829C8 /* Resources */ = {
			isa = PBXResourcesBuildPhase;
			buildActionMask = 2147483647;
			files = (
			);
			runOnlyForDeploymentPostprocessing = 0;
		};
/* End PBXResourcesBuildPhase section */

/* Begin PBXSourcesBuildPhase section */
		B302C99820CE69A5005829C8 /* Sources */ = {
			isa = PBXSourcesBuildPhase;
			buildActionMask = 2147483647;
			files = (
				B302C9A220CE69A5005829C8 /* ViewController.swift in Sources */,
				B302C9D120CE714A005829C8 /* MainTableViewCell.swift in Sources */,
				B302C9A020CE69A5005829C8 /* AppDelegate.swift in Sources */,
			);
			runOnlyForDeploymentPostprocessing = 0;
		};
		B302C9AC20CE69A6005829C8 /* Sources */ = {
			isa = PBXSourcesBuildPhase;
			buildActionMask = 2147483647;
			files = (
				B302C9B520CE69A6005829C8 /* Swift_UI_01Tests.swift in Sources */,
			);
			runOnlyForDeploymentPostprocessing = 0;
		};
		B302C9B720CE69A6005829C8 /* Sources */ = {
			isa = PBXSourcesBuildPhase;
			buildActionMask = 2147483647;
			files = (
				B302C9C020CE69A6005829C8 /* Swift_UI_01UITests.swift in Sources */,
			);
			runOnlyForDeploymentPostprocessing = 0;
		};
/* End PBXSourcesBuildPhase section */

/* Begin PBXTargetDependency section */
		B302C9B220CE69A6005829C8 /* PBXTargetDependency */ = {
			isa = PBXTargetDependency;
			target = B302C99B20CE69A5005829C8 /* Swift_UI_01 */;
			targetProxy = B302C9B120CE69A6005829C8 /* PBXContainerItemProxy */;
		};
		B302C9BD20CE69A6005829C8 /* PBXTargetDependency */ = {
			isa = PBXTargetDependency;
			target = B302C99B20CE69A5005829C8 /* Swift_UI_01 */;
			targetProxy = B302C9BC20CE69A6005829C8 /* PBXContainerItemProxy */;
		};
/* End PBXTargetDependency section */

/* Begin PBXVariantGroup section */
		B302C9A820CE69A6005829C8 /* LaunchScreen.storyboard */ = {
			isa = PBXVariantGroup;
			children = (
				B302C9A920CE69A6005829C8 /* Base */,
			);
			name = LaunchScreen.storyboard;
			sourceTree = "<group>";
		};
/* End PBXVariantGroup section */

/* Begin XCBuildConfiguration section */
		B302C9C220CE69A6005829C8 /* Debug */ = {
			isa = XCBuildConfiguration;
			buildSettings = {
				ALWAYS_SEARCH_USER_PATHS = NO;
				CLANG_ANALYZER_NONNULL = YES;
				CLANG_ANALYZER_NUMBER_OBJECT_CONVERSION = YES_AGGRESSIVE;
				CLANG_CXX_LANGUAGE_STANDARD = "gnu++14";
				CLANG_CXX_LIBRARY = "libc++";
				CLANG_ENABLE_MODULES = YES;
				CLANG_ENABLE_OBJC_ARC = YES;
				CLANG_ENABLE_OBJC_WEAK = YES;
				CLANG_WARN_BLOCK_CAPTURE_AUTORELEASING = YES;
				CLANG_WARN_BOOL_CONVERSION = YES;
				CLANG_WARN_COMMA = YES;
				CLANG_WARN_CONSTANT_CONVERSION = YES;
				CLANG_WARN_DEPRECATED_OBJC_IMPLEMENTATIONS = YES;
				CLANG_WARN_DIRECT_OBJC_ISA_USAGE = YES_ERROR;
				CLANG_WARN_DOCUMENTATION_COMMENTS = YES;
				CLANG_WARN_EMPTY_BODY = YES;
				CLANG_WARN_ENUM_CONVERSION = YES;
				CLANG_WARN_INFINITE_RECURSION = YES;
				CLANG_WARN_INT_CONVERSION = YES;
				CLANG_WARN_NON_LITERAL_NULL_CONVERSION = YES;
				CLANG_WARN_OBJC_IMPLICIT_RETAIN_SELF = YES;
				CLANG_WARN_OBJC_LITERAL_CONVERSION = YES;
				CLANG_WARN_OBJC_ROOT_CLASS = YES_ERROR;
				CLANG_WARN_RANGE_LOOP_ANALYSIS = YES;
				CLANG_WARN_STRICT_PROTOTYPES = YES;
				CLANG_WARN_SUSPICIOUS_MOVE = YES;
				CLANG_WARN_UNGUARDED_AVAILABILITY = YES_AGGRESSIVE;
				CLANG_WARN_UNREACHABLE_CODE = YES;
				CLANG_WARN__DUPLICATE_METHOD_MATCH = YES;
				CODE_SIGN_IDENTITY = "iPhone Developer";
				COPY_PHASE_STRIP = NO;
				DEBUG_INFORMATION_FORMAT = dwarf;
				ENABLE_STRICT_OBJC_MSGSEND = YES;
				ENABLE_TESTABILITY = YES;
				GCC_C_LANGUAGE_STANDARD = gnu11;
				GCC_DYNAMIC_NO_PIC = NO;
				GCC_NO_COMMON_BLOCKS = YES;
				GCC_OPTIMIZATION_LEVEL = 0;
				GCC_PREPROCESSOR_DEFINITIONS = (
					"DEBUG=1",
					"$(inherited)",
				);
				GCC_WARN_64_TO_32_BIT_CONVERSION = YES;
				GCC_WARN_ABOUT_RETURN_TYPE = YES_ERROR;
				GCC_WARN_UNDECLARED_SELECTOR = YES;
				GCC_WARN_UNINITIALIZED_AUTOS = YES_AGGRESSIVE;
				GCC_WARN_UNUSED_FUNCTION = YES;
				GCC_WARN_UNUSED_VARIABLE = YES;
				IPHONEOS_DEPLOYMENT_TARGET = 11.3;
				MTL_ENABLE_DEBUG_INFO = YES;
				ONLY_ACTIVE_ARCH = YES;
				SDKROOT = iphoneos;
				SWIFT_ACTIVE_COMPILATION_CONDITIONS = DEBUG;
				SWIFT_OPTIMIZATION_LEVEL = "-Onone";
			};
			name = Debug;
		};
		B302C9C320CE69A6005829C8 /* Release */ = {
			isa = XCBuildConfiguration;
			buildSettings = {
				ALWAYS_SEARCH_USER_PATHS = NO;
				CLANG_ANALYZER_NONNULL = YES;
				CLANG_ANALYZER_NUMBER_OBJECT_CONVERSION = YES_AGGRESSIVE;
				CLANG_CXX_LANGUAGE_STANDARD = "gnu++14";
				CLANG_CXX_LIBRARY = "libc++";
				CLANG_ENABLE_MODULES = YES;
				CLANG_ENABLE_OBJC_ARC = YES;
				CLANG_ENABLE_OBJC_WEAK = YES;
				CLANG_WARN_BLOCK_CAPTURE_AUTORELEASING = YES;
				CLANG_WARN_BOOL_CONVERSION = YES;
				CLANG_WARN_COMMA = YES;
				CLANG_WARN_CONSTANT_CONVERSION = YES;
				CLANG_WARN_DEPRECATED_OBJC_IMPLEMENTATIONS = YES;
				CLANG_WARN_DIRECT_OBJC_ISA_USAGE = YES_ERROR;
				CLANG_WARN_DOCUMENTATION_COMMENTS = YES;
				CLANG_WARN_EMPTY_BODY = YES;
				CLANG_WARN_ENUM_CONVERSION = YES;
				CLANG_WARN_INFINITE_RECURSION = YES;
				CLANG_WARN_INT_CONVERSION = YES;
				CLANG_WARN_NON_LITERAL_NULL_CONVERSION = YES;
				CLANG_WARN_OBJC_IMPLICIT_RETAIN_SELF = YES;
				CLANG_WARN_OBJC_LITERAL_CONVERSION = YES;
				CLANG_WARN_OBJC_ROOT_CLASS = YES_ERROR;
				CLANG_WARN_RANGE_LOOP_ANALYSIS = YES;
				CLANG_WARN_STRICT_PROTOTYPES = YES;
				CLANG_WARN_SUSPICIOUS_MOVE = YES;
				CLANG_WARN_UNGUARDED_AVAILABILITY = YES_AGGRESSIVE;
				CLANG_WARN_UNREACHABLE_CODE = YES;
				CLANG_WARN__DUPLICATE_METHOD_MATCH = YES;
				CODE_SIGN_IDENTITY = "iPhone Developer";
				COPY_PHASE_STRIP = NO;
				DEBUG_INFORMATION_FORMAT = "dwarf-with-dsym";
				ENABLE_NS_ASSERTIONS = NO;
				ENABLE_STRICT_OBJC_MSGSEND = YES;
				GCC_C_LANGUAGE_STANDARD = gnu11;
				GCC_NO_COMMON_BLOCKS = YES;
				GCC_WARN_64_TO_32_BIT_CONVERSION = YES;
				GCC_WARN_ABOUT_RETURN_TYPE = YES_ERROR;
				GCC_WARN_UNDECLARED_SELECTOR = YES;
				GCC_WARN_UNINITIALIZED_AUTOS = YES_AGGRESSIVE;
				GCC_WARN_UNUSED_FUNCTION = YES;
				GCC_WARN_UNUSED_VARIABLE = YES;
				IPHONEOS_DEPLOYMENT_TARGET = 11.3;
				MTL_ENABLE_DEBUG_INFO = NO;
				SDKROOT = iphoneos;
				SWIFT_COMPILATION_MODE = wholemodule;
				SWIFT_OPTIMIZATION_LEVEL = "-O";
				VALIDATE_PRODUCT = YES;
			};
			name = Release;
		};
		B302C9C520CE69A6005829C8 /* Debug */ = {
			isa = XCBuildConfiguration;
			buildSettings = {
				ASSETCATALOG_COMPILER_APPICON_NAME = AppIcon;
				CODE_SIGN_STYLE = Manual;
				DEVELOPMENT_TEAM = "";
				INFOPLIST_FILE = Swift_UI_01/Info.plist;
				LD_RUNPATH_SEARCH_PATHS = (
					"$(inherited)",
					"@executable_path/Frameworks",
				);
				PRODUCT_BUNDLE_IDENTIFIER = "com.HT.Swift-UI-01";
				PRODUCT_NAME = "$(TARGET_NAME)";
				PROVISIONING_PROFILE_SPECIFIER = "";
				SWIFT_VERSION = 4.0;
				TARGETED_DEVICE_FAMILY = "1,2";
			};
			name = Debug;
		};
		B302C9C620CE69A6005829C8 /* Release */ = {
			isa = XCBuildConfiguration;
			buildSettings = {
				ASSETCATALOG_COMPILER_APPICON_NAME = AppIcon;
				CODE_SIGN_STYLE = Manual;
				DEVELOPMENT_TEAM = "";
				INFOPLIST_FILE = Swift_UI_01/Info.plist;
				LD_RUNPATH_SEARCH_PATHS = (
					"$(inherited)",
					"@executable_path/Frameworks",
				);
				PRODUCT_BUNDLE_IDENTIFIER = "com.HT.Swift-UI-01";
				PRODUCT_NAME = "$(TARGET_NAME)";
				PROVISIONING_PROFILE_SPECIFIER = "";
				SWIFT_VERSION = 4.0;
				TARGETED_DEVICE_FAMILY = "1,2";
			};
			name = Release;
		};
		B302C9C820CE69A6005829C8 /* Debug */ = {
			isa = XCBuildConfiguration;
			buildSettings = {
				ALWAYS_EMBED_SWIFT_STANDARD_LIBRARIES = YES;
				BUNDLE_LOADER = "$(TEST_HOST)";
				CODE_SIGN_STYLE = Automatic;
				DEVELOPMENT_TEAM = FAD5RKZHCT;
				INFOPLIST_FILE = Swift_UI_01Tests/Info.plist;
				LD_RUNPATH_SEARCH_PATHS = (
					"$(inherited)",
					"@executable_path/Frameworks",
					"@loader_path/Frameworks",
				);
				PRODUCT_BUNDLE_IDENTIFIER = "com.HT.Swift-UI-01Tests";
				PRODUCT_NAME = "$(TARGET_NAME)";
				SWIFT_VERSION = 4.0;
				TARGETED_DEVICE_FAMILY = "1,2";
				TEST_HOST = "$(BUILT_PRODUCTS_DIR)/Swift_UI_01.app/Swift_UI_01";
			};
			name = Debug;
		};
		B302C9C920CE69A6005829C8 /* Release */ = {
			isa = XCBuildConfiguration;
			buildSettings = {
				ALWAYS_EMBED_SWIFT_STANDARD_LIBRARIES = YES;
				BUNDLE_LOADER = "$(TEST_HOST)";
				CODE_SIGN_STYLE = Automatic;
				DEVELOPMENT_TEAM = FAD5RKZHCT;
				INFOPLIST_FILE = Swift_UI_01Tests/Info.plist;
				LD_RUNPATH_SEARCH_PATHS = (
					"$(inherited)",
					"@executable_path/Frameworks",
					"@loader_path/Frameworks",
				);
				PRODUCT_BUNDLE_IDENTIFIER = "com.HT.Swift-UI-01Tests";
				PRODUCT_NAME = "$(TARGET_NAME)";
				SWIFT_VERSION = 4.0;
				TARGETED_DEVICE_FAMILY = "1,2";
				TEST_HOST = "$(BUILT_PRODUCTS_DIR)/Swift_UI_01.app/Swift_UI_01";
			};
			name = Release;
		};
		B302C9CB20CE69A6005829C8 /* Debug */ = {
			isa = XCBuildConfiguration;
			buildSettings = {
				ALWAYS_EMBED_SWIFT_STANDARD_LIBRARIES = YES;
				CODE_SIGN_STYLE = Automatic;
				DEVELOPMENT_TEAM = FAD5RKZHCT;
				INFOPLIST_FILE = Swift_UI_01UITests/Info.plist;
				LD_RUNPATH_SEARCH_PATHS = (
					"$(inherited)",
					"@executable_path/Frameworks",
					"@loader_path/Frameworks",
				);
				PRODUCT_BUNDLE_IDENTIFIER = "com.HT.Swift-UI-01UITests";
				PRODUCT_NAME = "$(TARGET_NAME)";
				SWIFT_VERSION = 4.0;
				TARGETED_DEVICE_FAMILY = "1,2";
				TEST_TARGET_NAME = Swift_UI_01;
			};
			name = Debug;
		};
		B302C9CC20CE69A6005829C8 /* Release */ = {
			isa = XCBuildConfiguration;
			buildSettings = {
				ALWAYS_EMBED_SWIFT_STANDARD_LIBRARIES = YES;
				CODE_SIGN_STYLE = Automatic;
				DEVELOPMENT_TEAM = FAD5RKZHCT;
				INFOPLIST_FILE = Swift_UI_01UITests/Info.plist;
				LD_RUNPATH_SEARCH_PATHS = (
					"$(inherited)",
					"@executable_path/Frameworks",
					"@loader_path/Frameworks",
				);
				PRODUCT_BUNDLE_IDENTIFIER = "com.HT.Swift-UI-01UITests";
				PRODUCT_NAME = "$(TARGET_NAME)";
				SWIFT_VERSION = 4.0;
				TARGETED_DEVICE_FAMILY = "1,2";
				TEST_TARGET_NAME = Swift_UI_01;
			};
			name = Release;
		};
/* End XCBuildConfiguration section */

/* Begin XCConfigurationList section */
		B302C99720CE69A4005829C8 /* Build configuration list for PBXProject "Swift_UI_01" */ = {
			isa = XCConfigurationList;
			buildConfigurations = (
				B302C9C220CE69A6005829C8 /* Debug */,
				B302C9C320CE69A6005829C8 /* Release */,
			);
			defaultConfigurationIsVisible = 0;
			defaultConfigurationName = Release;
		};
		B302C9C420CE69A6005829C8 /* Build configuration list for PBXNativeTarget "Swift_UI_01" */ = {
			isa = XCConfigurationList;
			buildConfigurations = (
				B302C9C520CE69A6005829C8 /* Debug */,
				B302C9C620CE69A6005829C8 /* Release */,
			);
			defaultConfigurationIsVisible = 0;
			defaultConfigurationName = Release;
		};
		B302C9C720CE69A6005829C8 /* Build configuration list for PBXNativeTarget "Swift_UI_01Tests" */ = {
			isa = XCConfigurationList;
			buildConfigurations = (
				B302C9C820CE69A6005829C8 /* Debug */,
				B302C9C920CE69A6005829C8 /* Release */,
			);
			defaultConfigurationIsVisible = 0;
			defaultConfigurationName = Release;
		};
		B302C9CA20CE69A6005829C8 /* Build configuration list for PBXNativeTarget "Swift_UI_01UITests" */ = {
			isa = XCConfigurationList;
			buildConfigurations = (
				B302C9CB20CE69A6005829C8 /* Debug */,
				B302C9CC20CE69A6005829C8 /* Release */,
			);
			defaultConfigurationIsVisible = 0;
			defaultConfigurationName = Release;
		};
/* End XCConfigurationList section */
	};
	rootObject = B302C99420CE69A4005829C8 /* Project object */;
}
